Microsoft Visual Studio Solution File, Format Version 12.00
# Visual Studio 2012
Project("{FAE04EC0-301F-11D3-BF4B-00C04F79EFBC}") = "Cs 471-project", "Cs 471-project.csproj", "{ABEC21EA-C9F4-4153-A01E-89B31200F04A}"
EndProject
Global
	GlobalSection(SolutionConfigurationPlatforms) = preSolution
	Debug|Any CPU = Debug|Any CPU
	ExportDebug|Any CPU = ExportDebug|Any CPU
	ExportRelease|Any CPU = ExportRelease|Any CPU
	EndGlobalSection
	GlobalSection(ProjectConfigurationPlatforms) = postSolution
		{ABEC21EA-C9F4-4153-A01E-89B31200F04A}.Debug|Any CPU.ActiveCfg = Debug|Any CPU
		{ABEC21EA-C9F4-4153-A01E-89B31200F04A}.Debug|Any CPU.Build.0 = Debug|Any CPU
		{ABEC21EA-C9F4-4153-A01E-89B31200F04A}.ExportDebug|Any CPU.ActiveCfg = ExportDebug|Any CPU
		{ABEC21EA-C9F4-4153-A01E-89B31200F04A}.ExportDebug|Any CPU.Build.0 = ExportDebug|Any CPU
		{ABEC21EA-C9F4-4153-A01E-89B31200F04A}.ExportRelease|Any CPU.ActiveCfg = ExportRelease|Any CPU
		{ABEC21EA-C9F4-4153-A01E-89B31200F04A}.ExportRelease|Any CPU.Build.0 = ExportRelease|Any CPU
	EndGlobalSection
EndGlobal
